
Microsoft Visual Studio Solution File, Format Version 12.00
# Visual Studio Version 16
VisualStudioVersion = 16.0.29519.87
MinimumVisualStudioVersion = 10.0.40219.1
Project("{FAE04EC0-301F-11D3-BF4B-00C04F79EFBC}") = "R4TSquad", "R4TSquad.csproj", "{39C30B16-08A4-4B2F-BB3E-43509C437EC8}"
EndProject
Global
	GlobalSection(SolutionConfigurationPlatforms) = preSolution
		Debug|Any CPU = Debug|Any CPU
		Release|Any CPU = Release|Any CPU
	EndGlobalSection
	GlobalSection(ProjectConfigurationPlatforms) = postSolution
		{39C30B16-08A4-4B2F-BB3E-43509C437EC8}.Debug|Any CPU.ActiveCfg = Debug|Any CPU
		{39C30B16-08A4-4B2F-BB3E-43509C437EC8}.Debug|Any CPU.Build.0 = Debug|Any CPU
		{39C30B16-08A4-4B2F-BB3E-43509C437EC8}.Release|Any CPU.ActiveCfg = Release|Any CPU
		{39C30B16-08A4-4B2F-BB3E-43509C437EC8}.Release|Any CPU.Build.0 = Release|Any CPU
	EndGlobalSection
	GlobalSection(SolutionProperties) = preSolution
		HideSolutionNode = FALSE
	EndGlobalSection
	GlobalSection(ExtensibilityGlobals) = postSolution
		SolutionGuid = {BBB6E147-C178-49A8-B093-C9A675B91E57}
	EndGlobalSection
EndGlobal
